
Microsoft Visual Studio Solution File, Format Version 12.00
# Visual Studio Version 17
VisualStudioVersion = 17.9.34310.174
MinimumVisualStudioVersion = 10.0.40219.1
Project("{9A19103F-16F7-4668-BE54-9A1E7A4F7556}") = "Oarw.Blazor.InputScan", "Oarw.Blazor.InputScan.csproj", "{1D2AAB3A-3266-4C03-86FD-6E60A25D255E}"
EndProject
Global
	GlobalSection(SolutionConfigurationPlatforms) = preSolution
		Debug|Any CPU = Debug|Any CPU
		Release|Any CPU = Release|Any CPU
	EndGlobalSection
	GlobalSection(ProjectConfigurationPlatforms) = postSolution
		{1D2AAB3A-3266-4C03-86FD-6E60A25D255E}.Debug|Any CPU.ActiveCfg = Debug|Any CPU
		{1D2AAB3A-3266-4C03-86FD-6E60A25D255E}.Debug|Any CPU.Build.0 = Debug|Any CPU
		{1D2AAB3A-3266-4C03-86FD-6E60A25D255E}.Release|Any CPU.ActiveCfg = Release|Any CPU
		{1D2AAB3A-3266-4C03-86FD-6E60A25D255E}.Release|Any CPU.Build.0 = Release|Any CPU
	EndGlobalSection
	GlobalSection(SolutionProperties) = preSolution
		HideSolutionNode = FALSE
	EndGlobalSection
	GlobalSection(ExtensibilityGlobals) = postSolution
		SolutionGuid = {AF304EBC-F8CE-44AC-8D1A-2B3D67C29A39}
	EndGlobalSection
EndGlobal
